
Microsoft Visual Studio Solution File, Format Version 12.00
# Visual Studio 15
VisualStudioVersion = 15.0.28307.902
MinimumVisualStudioVersion = 10.0.40219.1
Project("{FAE04EC0-301F-11D3-BF4B-00C04F79EFBC}") = "Project", "Project1\Project.csproj", "{3D49F884-D50A-42ED-9673-220847AD738F}"
EndProject
Global
	GlobalSection(SolutionConfigurationPlatforms) = preSolution
		Debug|Any CPU = Debug|Any CPU
		Release|Any CPU = Release|Any CPU
	EndGlobalSection
	GlobalSection(ProjectConfigurationPlatforms) = postSolution
		{3D49F884-D50A-42ED-9673-220847AD738F}.Debug|Any CPU.ActiveCfg = Debug|Any CPU
		{3D49F884-D50A-42ED-9673-220847AD738F}.Debug|Any CPU.Build.0 = Debug|Any CPU
		{3D49F884-D50A-42ED-9673-220847AD738F}.Release|Any CPU.ActiveCfg = Release|Any CPU
		{3D49F884-D50A-42ED-9673-220847AD738F}.Release|Any CPU.Build.0 = Release|Any CPU
	EndGlobalSection
	GlobalSection(SolutionProperties) = preSolution
		HideSolutionNode = FALSE
	EndGlobalSection
	GlobalSection(ExtensibilityGlobals) = postSolution
		SolutionGuid = {D2B16E31-C309-4CCE-AC4C-04D764DDDF0A}
	EndGlobalSection
EndGlobal
